// !$*UTF8*$!
{
	archiveVersion = 1;
	classes = {
	};
	objectVersion = 46;
	objects = {

/* Begin PBXBuildFile section */
		7E47CF361EDEA459005286C3 /* AppDelegate.swift in Sources */ = {isa = PBXBuildFile; fileRef = 7E47CF351EDEA459005286C3 /* AppDelegate.swift */; };
		7E47CF381EDEA459005286C3 /* ViewController.swift in Sources */ = {isa = PBXBuildFile; fileRef = 7E47CF371EDEA459005286C3 /* ViewController.swift */; };
		7E47CF3B1EDEA459005286C3 /* Main.storyboard in Resources */ = {isa = PBXBuildFile; fileRef = 7E47CF391EDEA459005286C3 /* Main.storyboard */; };
		7E47CF3D1EDEA459005286C3 /* Assets.xcassets in Resources */ = {isa = PBXBuildFile; fileRef = 7E47CF3C1EDEA459005286C3 /* Assets.xcassets */; };
		7E47CF401EDEA459005286C3 /* LaunchScreen.storyboard in Resources */ = {isa = PBXBuildFile; fileRef = 7E47CF3E1EDEA459005286C3 /* LaunchScreen.storyboard */; };
		7E47CF4A1EDF0FA2005286C3 /* OCViewController.m in Sources */ = {isa = PBXBuildFile; fileRef = 7E47CF491EDF0FA2005286C3 /* OCViewController.m */; };
/* End PBXBuildFile section */

/* Begin PBXFileReference section */
		7E47CF321EDEA459005286C3 /* 007-解除循环引用.app */ = {isa = PBXFileReference; explicitFileType = wrapper.application; includeInIndex = 0; path = "007-解除循环引用.app"; sourceTree = BUILT_PRODUCTS_DIR; };
		7E47CF351EDEA459005286C3 /* AppDelegate.swift */ = {isa = PBXFileReference; lastKnownFileType = sourcecode.swift; path = AppDelegate.swift; sourceTree = "<group>"; };
		7E47CF371EDEA459005286C3 /* ViewController.swift */ = {isa = PBXFileReference; lastKnownFileType = sourcecode.swift; path = ViewController.swift; sourceTree = "<group>"; };
		7E47CF3A1EDEA459005286C3 /* Base */ = {isa = PBXFileReference; lastKnownFileType = file.storyboard; name = Base; path = Base.lproj/Main.storyboard; sourceTree = "<group>"; };
		7E47CF3C1EDEA459005286C3 /* Assets.xcassets */ = {isa = PBXFileReference; lastKnownFileType = folder.assetcatalog; path = Assets.xcassets; sourceTree = "<group>"; };
		7E47CF3F1EDEA459005286C3 /* Base */ = {isa = PBXFileReference; lastKnownFileType = file.storyboard; name = Base; path = Base.lproj/LaunchScreen.storyboard; sourceTree = "<group>"; };
		7E47CF411EDEA459005286C3 /* Info.plist */ = {isa = PBXFileReference; lastKnownFileType = text.plist.xml; path = Info.plist; sourceTree = "<group>"; };
		7E47CF471EDF0FA1005286C3 /* 007-解除循环引用-Bridging-Header.h */ = {isa = PBXFileReference; lastKnownFileType = sourcecode.c.h; path = "007-解除循环引用-Bridging-Header.h"; sourceTree = "<group>"; };
		7E47CF481EDF0FA2005286C3 /* OCViewController.h */ = {isa = PBXFileReference; fileEncoding = 4; lastKnownFileType = sourcecode.c.h; path = OCViewController.h; sourceTree = "<group>"; };
		7E47CF491EDF0FA2005286C3 /* OCViewController.m */ = {isa = PBXFileReference; fileEncoding = 4; lastKnownFileType = sourcecode.c.objc; path = OCViewController.m; sourceTree = "<group>"; };
/* End PBXFileReference section */

/* Begin PBXFrameworksBuildPhase section */
		7E47CF2F1EDEA459005286C3 /* Frameworks */ = {
			isa = PBXFrameworksBuildPhase;
			buildActionMask = 2147483647;
			files = (
			);
			runOnlyForDeploymentPostprocessing = 0;
		};
/* End PBXFrameworksBuildPhase section */

/* Begin PBXGroup section */
		7E47CF291EDEA459005286C3 = {
			isa = PBXGroup;
			children = (
				7E47CF341EDEA459005286C3 /* 007-解除循环引用 */,
				7E47CF331EDEA459005286C3 /* Products */,
			);
			sourceTree = "<group>";
		};
		7E47CF331EDEA459005286C3 /* Products */ = {
			isa = PBXGroup;
			children = (
				7E47CF321EDEA459005286C3 /* 007-解除循环引用.app */,
			);
			name = Products;
			sourceTree = "<group>";
		};
		7E47CF341EDEA459005286C3 /* 007-解除循环引用 */ = {
			isa = PBXGroup;
			children = (
				7E47CF351EDEA459005286C3 /* AppDelegate.swift */,
				7E47CF371EDEA459005286C3 /* ViewController.swift */,
				7E47CF391EDEA459005286C3 /* Main.storyboard */,
				7E47CF3C1EDEA459005286C3 /* Assets.xcassets */,
				7E47CF3E1EDEA459005286C3 /* LaunchScreen.storyboard */,
				7E47CF411EDEA459005286C3 /* Info.plist */,
				7E47CF481EDF0FA2005286C3 /* OCViewController.h */,
				7E47CF491EDF0FA2005286C3 /* OCViewController.m */,
				7E47CF471EDF0FA1005286C3 /* 007-解除循环引用-Bridging-Header.h */,
			);
			path = "007-解除循环引用";
			sourceTree = "<group>";
		};
/* End PBXGroup section */

/* Begin PBXNativeTarget section */
		7E47CF311EDEA459005286C3 /* 007-解除循环引用 */ = {
			isa = PBXNativeTarget;
			buildConfigurationList = 7E47CF441EDEA459005286C3 /* Build configuration list for PBXNativeTarget "007-解除循环引用" */;
			buildPhases = (
				7E47CF2E1EDEA459005286C3 /* Sources */,
				7E47CF2F1EDEA459005286C3 /* Frameworks */,
				7E47CF301EDEA459005286C3 /* Resources */,
			);
			buildRules = (
			);
			dependencies = (
			);
			name = "007-解除循环引用";
			productName = "007-解除循环引用";
			productReference = 7E47CF321EDEA459005286C3 /* 007-解除循环引用.app */;
			productType = "com.apple.product-type.application";
		};
/* End PBXNativeTarget section */

/* Begin PBXProject section */
		7E47CF2A1EDEA459005286C3 /* Project object */ = {
			isa = PBXProject;
			attributes = {
				LastSwiftUpdateCheck = 0830;
				LastUpgradeCheck = 0830;
				ORGANIZATIONNAME = lichuanjun;
				TargetAttributes = {
					7E47CF311EDEA459005286C3 = {
						CreatedOnToolsVersion = 8.3.2;
						DevelopmentTeam = 68QKWWUHPW;
						LastSwiftMigration = 0830;
						ProvisioningStyle = Automatic;
					};
				};
			};
			buildConfigurationList = 7E47CF2D1EDEA459005286C3 /* Build configuration list for PBXProject "007-解除循环引用" */;
			compatibilityVersion = "Xcode 3.2";
			developmentRegion = English;
			hasScannedForEncodings = 0;
			knownRegions = (
				en,
				Base,
			);
			mainGroup = 7E47CF291EDEA459005286C3;
			productRefGroup = 7E47CF331EDEA459005286C3 /* Products */;
			projectDirPath = "";
			projectRoot = "";
			targets = (
				7E47CF311EDEA459005286C3 /* 007-解除循环引用 */,
			);
		};
/* End PBXProject section */

/* Begin PBXResourcesBuildPhase section */
		7E47CF301EDEA459005286C3 /* Resources */ = {
			isa = PBXResourcesBuildPhase;
			buildActionMask = 2147483647;
			files = (
				7E47CF401EDEA459005286C3 /* LaunchScreen.storyboard in Resources */,
				7E47CF3D1EDEA459005286C3 /* Assets.xcassets in Resources */,
				7E47CF3B1EDEA459005286C3 /* Main.storyboard in Resources */,
			);
			runOnlyForDeploymentPostprocessing = 0;
		};
/* End PBXResourcesBuildPhase section */

/* Begin PBXSourcesBuildPhase section */
		7E47CF2E1EDEA459005286C3 /* Sources */ = {
			isa = PBXSourcesBuildPhase;
			buildActionMask = 2147483647;
			files = (
				7E47CF381EDEA459005286C3 /* ViewController.swift in Sources */,
				7E47CF361EDEA459005286C3 /* AppDelegate.swift in Sources */,
				7E47CF4A1EDF0FA2005286C3 /* OCViewController.m in Sources */,
			);
			runOnlyForDeploymentPostprocessing = 0;
		};
/* End PBXSourcesBuildPhase section */

/* Begin PBXVariantGroup section */
		7E47CF391EDEA459005286C3 /* Main.storyboard */ = {
			isa = PBXVariantGroup;
			children = (
				7E47CF3A1EDEA459005286C3 /* Base */,
			);
			name = Main.storyboard;
			sourceTree = "<group>";
		};
		7E47CF3E1EDEA459005286C3 /* LaunchScreen.storyboard */ = {
			isa = PBXVariantGroup;
			children = (
				7E47CF3F1EDEA459005286C3 /* Base */,
			);
			name = LaunchScreen.storyboard;
			sourceTree = "<group>";
		};
/* End PBXVariantGroup section */

/* Begin XCBuildConfiguration section */
		7E47CF421EDEA459005286C3 /* Debug */ = {
			isa = XCBuildConfiguration;
			buildSettings = {
				ALWAYS_SEARCH_USER_PATHS = NO;
				CLANG_ANALYZER_NONNULL = YES;
				CLANG_ANALYZER_NUMBER_OBJECT_CONVERSION = YES_AGGRESSIVE;
				CLANG_CXX_LANGUAGE_STANDARD = "gnu++0x";
				CLANG_CXX_LIBRARY = "libc++";
				CLANG_ENABLE_MODULES = YES;
				CLANG_ENABLE_OBJC_ARC = YES;
				CLANG_WARN_BOOL_CONVERSION = YES;
				CLANG_WARN_CONSTANT_CONVERSION = YES;
				CLANG_WARN_DIRECT_OBJC_ISA_USAGE = YES_ERROR;
				CLANG_WARN_DOCUMENTATION_COMMENTS = YES;
				CLANG_WARN_EMPTY_BODY = YES;
				CLANG_WARN_ENUM_CONVERSION = YES;
				CLANG_WARN_INFINITE_RECURSION = YES;
				CLANG_WARN_INT_CONVERSION = YES;
				CLANG_WARN_OBJC_ROOT_CLASS = YES_ERROR;
				CLANG_WARN_SUSPICIOUS_MOVE = YES;
				CLANG_WARN_UNREACHABLE_CODE = YES;
				CLANG_WARN__DUPLICATE_METHOD_MATCH = YES;
				"CODE_SIGN_IDENTITY[sdk=iphoneos*]" = "iPhone Developer";
				COPY_PHASE_STRIP = NO;
				DEBUG_INFORMATION_FORMAT = dwarf;
				ENABLE_STRICT_OBJC_MSGSEND = YES;
				ENABLE_TESTABILITY = YES;
				GCC_C_LANGUAGE_STANDARD = gnu99;
				GCC_DYNAMIC_NO_PIC = NO;
				GCC_NO_COMMON_BLOCKS = YES;
				GCC_OPTIMIZATION_LEVEL = 0;
				GCC_PREPROCESSOR_DEFINITIONS = (
					"DEBUG=1",
					"$(inherited)",
				);
				GCC_WARN_64_TO_32_BIT_CONVERSION = YES;
				GCC_WARN_ABOUT_RETURN_TYPE = YES_ERROR;
				GCC_WARN_UNDECLARED_SELECTOR = YES;
				GCC_WARN_UNINITIALIZED_AUTOS = YES_AGGRESSIVE;
				GCC_WARN_UNUSED_FUNCTION = YES;
				GCC_WARN_UNUSED_VARIABLE = YES;
				IPHONEOS_DEPLOYMENT_TARGET = 10.3;
				MTL_ENABLE_DEBUG_INFO = YES;
				ONLY_ACTIVE_ARCH = YES;
				SDKROOT = iphoneos;
				SWIFT_ACTIVE_COMPILATION_CONDITIONS = DEBUG;
				SWIFT_OPTIMIZATION_LEVEL = "-Onone";
				TARGETED_DEVICE_FAMILY = "1,2";
			};
			name = Debug;
		};
		7E47CF431EDEA459005286C3 /* Release */ = {
			isa = XCBuildConfiguration;
			buildSettings = {
				ALWAYS_SEARCH_USER_PATHS = NO;
				CLANG_ANALYZER_NONNULL = YES;
				CLANG_ANALYZER_NUMBER_OBJECT_CONVERSION = YES_AGGRESSIVE;
				CLANG_CXX_LANGUAGE_STANDARD = "gnu++0x";
				CLANG_CXX_LIBRARY = "libc++";
				CLANG_ENABLE_MODULES = YES;
				CLANG_ENABLE_OBJC_ARC = YES;
				CLANG_WARN_BOOL_CONVERSION = YES;
				CLANG_WARN_CONSTANT_CONVERSION = YES;
				CLANG_WARN_DIRECT_OBJC_ISA_USAGE = YES_ERROR;
				CLANG_WARN_DOCUMENTATION_COMMENTS = YES;
				CLANG_WARN_EMPTY_BODY = YES;
				CLANG_WARN_ENUM_CONVERSION = YES;
				CLANG_WARN_INFINITE_RECURSION = YES;
				CLANG_WARN_INT_CONVERSION = YES;
				CLANG_WARN_OBJC_ROOT_CLASS = YES_ERROR;
				CLANG_WARN_SUSPICIOUS_MOVE = YES;
				CLANG_WARN_UNREACHABLE_CODE = YES;
				CLANG_WARN__DUPLICATE_METHOD_MATCH = YES;
				"CODE_SIGN_IDENTITY[sdk=iphoneos*]" = "iPhone Developer";
				COPY_PHASE_STRIP = NO;
				DEBUG_INFORMATION_FORMAT = "dwarf-with-dsym";
				ENABLE_NS_ASSERTIONS = NO;
				ENABLE_STRICT_OBJC_MSGSEND = YES;
				GCC_C_LANGUAGE_STANDARD = gnu99;
				GCC_NO_COMMON_BLOCKS = YES;
				GCC_WARN_64_TO_32_BIT_CONVERSION = YES;
				GCC_WARN_ABOUT_RETURN_TYPE = YES_ERROR;
				GCC_WARN_UNDECLARED_SELECTOR = YES;
				GCC_WARN_UNINITIALIZED_AUTOS = YES_AGGRESSIVE;
				GCC_WARN_UNUSED_FUNCTION = YES;
				GCC_WARN_UNUSED_VARIABLE = YES;
				IPHONEOS_DEPLOYMENT_TARGET = 10.3;
				MTL_ENABLE_DEBUG_INFO = NO;
				SDKROOT = iphoneos;
				SWIFT_OPTIMIZATION_LEVEL = "-Owholemodule";
				TARGETED_DEVICE_FAMILY = "1,2";
				VALIDATE_PRODUCT = YES;
			};
			name = Release;
		};
		7E47CF451EDEA459005286C3 /* Debug */ = {
			isa = XCBuildConfiguration;
			buildSettings = {
				ASSETCATALOG_COMPILER_APPICON_NAME = AppIcon;
				CLANG_ENABLE_MODULES = YES;
				DEVELOPMENT_TEAM = 68QKWWUHPW;
				INFOPLIST_FILE = "007-解除循环引用/Info.plist";
				LD_RUNPATH_SEARCH_PATHS = "$(inherited) @executable_path/Frameworks";
				PRODUCT_BUNDLE_IDENTIFIER = "com.niwodai.-07-------";
				PRODUCT_NAME = "$(TARGET_NAME)";
				SWIFT_OBJC_BRIDGING_HEADER = "007-解除循环引用/007-解除循环引用-Bridging-Header.h";
				SWIFT_OPTIMIZATION_LEVEL = "-Onone";
				SWIFT_VERSION = 3.0;
			};
			name = Debug;
		};
		7E47CF461EDEA459005286C3 /* Release */ = {
			isa = XCBuildConfiguration;
			buildSettings = {
				ASSETCATALOG_COMPILER_APPICON_NAME = AppIcon;
				CLANG_ENABLE_MODULES = YES;
				DEVELOPMENT_TEAM = 68QKWWUHPW;
				INFOPLIST_FILE = "007-解除循环引用/Info.plist";
				LD_RUNPATH_SEARCH_PATHS = "$(inherited) @executable_path/Frameworks";
				PRODUCT_BUNDLE_IDENTIFIER = "com.niwodai.-07-------";
				PRODUCT_NAME = "$(TARGET_NAME)";
				SWIFT_OBJC_BRIDGING_HEADER = "007-解除循环引用/007-解除循环引用-Bridging-Header.h";
				SWIFT_VERSION = 3.0;
			};
			name = Release;
		};
/* End XCBuildConfiguration section */

/* Begin XCConfigurationList section */
		7E47CF2D1EDEA459005286C3 /* Build configuration list for PBXProject "007-解除循环引用" */ = {
			isa = XCConfigurationList;
			buildConfigurations = (
				7E47CF421EDEA459005286C3 /* Debug */,
				7E47CF431EDEA459005286C3 /* Release */,
			);
			defaultConfigurationIsVisible = 0;
			defaultConfigurationName = Release;
		};
		7E47CF441EDEA459005286C3 /* Build configuration list for PBXNativeTarget "007-解除循环引用" */ = {
			isa = XCConfigurationList;
			buildConfigurations = (
				7E47CF451EDEA459005286C3 /* Debug */,
				7E47CF461EDEA459005286C3 /* Release */,
			);
			defaultConfigurationIsVisible = 0;
			defaultConfigurationName = Release;
		};
/* End XCConfigurationList section */
	};
	rootObject = 7E47CF2A1EDEA459005286C3 /* Project object */;
}
